
Microsoft Visual Studio Solution File, Format Version 12.00
# Visual Studio Version 16
VisualStudioVersion = 16.0.29519.181
MinimumVisualStudioVersion = 10.0.40219.1
Project("{FAE04EC0-301F-11D3-BF4B-00C04F79EFBC}") = "BL", "BL\BL.csproj", "{B2ECDC4D-F570-4698-AD02-1D4B1C7FF82B}"
EndProject
Project("{FAE04EC0-301F-11D3-BF4B-00C04F79EFBC}") = "UI", "UI\UI.csproj", "{CBE2D786-CB7C-4774-A6DF-3220500B8BE6}"
EndProject
Project("{FAE04EC0-301F-11D3-BF4B-00C04F79EFBC}") = "DAL", "DAL\DAL.csproj", "{1D419544-173D-47A3-8A4E-A789DBD9B9D1}"
EndProject
Global
	GlobalSection(SolutionConfigurationPlatforms) = preSolution
		Debug|Any CPU = Debug|Any CPU
		Release|Any CPU = Release|Any CPU
	EndGlobalSection
	GlobalSection(ProjectConfigurationPlatforms) = postSolution
		{B2ECDC4D-F570-4698-AD02-1D4B1C7FF82B}.Debug|Any CPU.ActiveCfg = Debug|Any CPU
		{B2ECDC4D-F570-4698-AD02-1D4B1C7FF82B}.Debug|Any CPU.Build.0 = Debug|Any CPU
		{B2ECDC4D-F570-4698-AD02-1D4B1C7FF82B}.Release|Any CPU.ActiveCfg = Release|Any CPU
		{B2ECDC4D-F570-4698-AD02-1D4B1C7FF82B}.Release|Any CPU.Build.0 = Release|Any CPU
		{CBE2D786-CB7C-4774-A6DF-3220500B8BE6}.Debug|Any CPU.ActiveCfg = Debug|Any CPU
		{CBE2D786-CB7C-4774-A6DF-3220500B8BE6}.Debug|Any CPU.Build.0 = Debug|Any CPU
		{CBE2D786-CB7C-4774-A6DF-3220500B8BE6}.Release|Any CPU.ActiveCfg = Release|Any CPU
		{CBE2D786-CB7C-4774-A6DF-3220500B8BE6}.Release|Any CPU.Build.0 = Release|Any CPU
		{1D419544-173D-47A3-8A4E-A789DBD9B9D1}.Debug|Any CPU.ActiveCfg = Debug|Any CPU
		{1D419544-173D-47A3-8A4E-A789DBD9B9D1}.Debug|Any CPU.Build.0 = Debug|Any CPU
		{1D419544-173D-47A3-8A4E-A789DBD9B9D1}.Release|Any CPU.ActiveCfg = Release|Any CPU
		{1D419544-173D-47A3-8A4E-A789DBD9B9D1}.Release|Any CPU.Build.0 = Release|Any CPU
	EndGlobalSection
	GlobalSection(SolutionProperties) = preSolution
		HideSolutionNode = FALSE
	EndGlobalSection
	GlobalSection(ExtensibilityGlobals) = postSolution
		SolutionGuid = {CB759EF2-8903-45BC-BCC7-E2172FA67794}
	EndGlobalSection
EndGlobal
